
Microsoft Visual Studio Solution File, Format Version 12.00
# Visual Studio Version 17
VisualStudioVersion = 17.10.34707.107
MinimumVisualStudioVersion = 10.0.40219.1
Project("{FAE04EC0-301F-11D3-BF4B-00C04F79EFBC}") = "BankA_MVVM_UI", "BankA_MVVM_UI.csproj", "{83467BEF-A93C-41D6-B402-C776DA6220A4}"
EndProject
Project("{FAE04EC0-301F-11D3-BF4B-00C04F79EFBC}") = "BankA_MVVM_Library", "..\BankA_MVVM_Library\BankA_MVVM_Library.csproj", "{34A02DF4-02DF-4CEC-A58A-E6235FEEDF3B}"
EndProject
Global
	GlobalSection(SolutionConfigurationPlatforms) = preSolution
		Debug|Any CPU = Debug|Any CPU
		Release|Any CPU = Release|Any CPU
	EndGlobalSection
	GlobalSection(ProjectConfigurationPlatforms) = postSolution
		{83467BEF-A93C-41D6-B402-C776DA6220A4}.Debug|Any CPU.ActiveCfg = Debug|Any CPU
		{83467BEF-A93C-41D6-B402-C776DA6220A4}.Debug|Any CPU.Build.0 = Debug|Any CPU
		{83467BEF-A93C-41D6-B402-C776DA6220A4}.Release|Any CPU.ActiveCfg = Release|Any CPU
		{83467BEF-A93C-41D6-B402-C776DA6220A4}.Release|Any CPU.Build.0 = Release|Any CPU
		{34A02DF4-02DF-4CEC-A58A-E6235FEEDF3B}.Debug|Any CPU.ActiveCfg = Debug|Any CPU
		{34A02DF4-02DF-4CEC-A58A-E6235FEEDF3B}.Debug|Any CPU.Build.0 = Debug|Any CPU
		{34A02DF4-02DF-4CEC-A58A-E6235FEEDF3B}.Release|Any CPU.ActiveCfg = Release|Any CPU
		{34A02DF4-02DF-4CEC-A58A-E6235FEEDF3B}.Release|Any CPU.Build.0 = Release|Any CPU
	EndGlobalSection
	GlobalSection(SolutionProperties) = preSolution
		HideSolutionNode = FALSE
	EndGlobalSection
	GlobalSection(ExtensibilityGlobals) = postSolution
		SolutionGuid = {DC435BA6-A947-473D-BCD5-BC652ADB149D}
	EndGlobalSection
EndGlobal
